// !$*UTF8*$!
{
	archiveVersion = 1;
	classes = {
	};
	objectVersion = 55;
	objects = {

/* Begin PBXBuildFile section */
		26930FFE27A3140900ACA99D /* AppDelegate.swift in Sources */ = {isa = PBXBuildFile; fileRef = 26930FFD27A3140900ACA99D /* AppDelegate.swift */; };
		2693100027A3140900ACA99D /* SceneDelegate.swift in Sources */ = {isa = PBXBuildFile; fileRef = 26930FFF27A3140900ACA99D /* SceneDelegate.swift */; };
		2693100227A3140900ACA99D /* AssetsViewController.swift in Sources */ = {isa = PBXBuildFile; fileRef = 2693100127A3140900ACA99D /* AssetsViewController.swift */; };
		2693100727A3141300ACA99D /* Assets.xcassets in Resources */ = {isa = PBXBuildFile; fileRef = 2693100627A3141300ACA99D /* Assets.xcassets */; };
		2693100A27A3141300ACA99D /* LaunchScreen.storyboard in Resources */ = {isa = PBXBuildFile; fileRef = 2693100827A3141300ACA99D /* LaunchScreen.storyboard */; };
		2693101227A3154500ACA99D /* TabBarVC.swift in Sources */ = {isa = PBXBuildFile; fileRef = 2693101127A3154500ACA99D /* TabBarVC.swift */; };
		2693101527A3182900ACA99D /* UIColor+Extension.swift in Sources */ = {isa = PBXBuildFile; fileRef = 2693101427A3182900ACA99D /* UIColor+Extension.swift */; };
		2693101727A318AE00ACA99D /* Table+Extension.swift in Sources */ = {isa = PBXBuildFile; fileRef = 2693101627A318AE00ACA99D /* Table+Extension.swift */; };
		2693101E27A31D4B00ACA99D /* Localizable.strings in Resources */ = {isa = PBXBuildFile; fileRef = 2693102027A31D4B00ACA99D /* Localizable.strings */; };
		2693102327A31E1800ACA99D /* LocalizationNames.swift in Sources */ = {isa = PBXBuildFile; fileRef = 2693102227A31E1800ACA99D /* LocalizationNames.swift */; };
		2693102527A31EFA00ACA99D /* String+Extension.swift in Sources */ = {isa = PBXBuildFile; fileRef = 2693102427A31EFA00ACA99D /* String+Extension.swift */; };
		2693102A27A33C9000ACA99D /* Alamofire in Frameworks */ = {isa = PBXBuildFile; productRef = 2693102927A33C9000ACA99D /* Alamofire */; };
		2693102D27A33CA500ACA99D /* SnapKit in Frameworks */ = {isa = PBXBuildFile; productRef = 2693102C27A33CA500ACA99D /* SnapKit */; };
		2693102F27A33CB400ACA99D /* APIManager.swift in Sources */ = {isa = PBXBuildFile; fileRef = 2693102E27A33CB400ACA99D /* APIManager.swift */; };
		2693103127A33E5900ACA99D /* APIConstants.swift in Sources */ = {isa = PBXBuildFile; fileRef = 2693103027A33E5900ACA99D /* APIConstants.swift */; };
		2693103327A3412100ACA99D /* UIWindow+Extension.swift in Sources */ = {isa = PBXBuildFile; fileRef = 2693103227A3412100ACA99D /* UIWindow+Extension.swift */; };
		2693103527A342C200ACA99D /* AssetModel.swift in Sources */ = {isa = PBXBuildFile; fileRef = 2693103427A342C200ACA99D /* AssetModel.swift */; };
		2693103727A3DD2200ACA99D /* AssetCell.swift in Sources */ = {isa = PBXBuildFile; fileRef = 2693103627A3DD2200ACA99D /* AssetCell.swift */; };
		2693103A27A3E1A100ACA99D /* CustomControls.swift in Sources */ = {isa = PBXBuildFile; fileRef = 2693103927A3E1A100ACA99D /* CustomControls.swift */; };
		2693103C27A3E26800ACA99D /* UIView+Extesion.swift in Sources */ = {isa = PBXBuildFile; fileRef = 2693103B27A3E26800ACA99D /* UIView+Extesion.swift */; };
		2693103E27A3F2EE00ACA99D /* Double+Extension.swift in Sources */ = {isa = PBXBuildFile; fileRef = 2693103D27A3F2EE00ACA99D /* Double+Extension.swift */; };
		2693104527A406A500ACA99D /* Nuke in Frameworks */ = {isa = PBXBuildFile; productRef = 2693104427A406A500ACA99D /* Nuke */; };
		2693104727A406DF00ACA99D /* UIImage+Extension.swift in Sources */ = {isa = PBXBuildFile; fileRef = 2693104627A406DF00ACA99D /* UIImage+Extension.swift */; };
		2693104927A4117200ACA99D /* DetailAssetViewController.swift in Sources */ = {isa = PBXBuildFile; fileRef = 2693104827A4117200ACA99D /* DetailAssetViewController.swift */; };
		2693104B27A4409800ACA99D /* HistoryModel.swift in Sources */ = {isa = PBXBuildFile; fileRef = 2693104A27A4409800ACA99D /* HistoryModel.swift */; };
		2693105027A4593C00ACA99D /* WatchListViewController.swift in Sources */ = {isa = PBXBuildFile; fileRef = 2693104F27A4593C00ACA99D /* WatchListViewController.swift */; };
		2693105227A45A7700ACA99D /* WatchListAssets.swift in Sources */ = {isa = PBXBuildFile; fileRef = 2693105127A45A7700ACA99D /* WatchListAssets.swift */; };
		2693105527A4675400ACA99D /* SettingsViewController.swift in Sources */ = {isa = PBXBuildFile; fileRef = 2693105427A4675400ACA99D /* SettingsViewController.swift */; };
		2693105927A473D900ACA99D /* SettingsCell.swift in Sources */ = {isa = PBXBuildFile; fileRef = 2693105827A473D900ACA99D /* SettingsCell.swift */; };
/* End PBXBuildFile section */

/* Begin PBXFileReference section */
		26930FFA27A3140900ACA99D /* CryptoApp.app */ = {isa = PBXFileReference; explicitFileType = wrapper.application; includeInIndex = 0; path = CryptoApp.app; sourceTree = BUILT_PRODUCTS_DIR; };
		26930FFD27A3140900ACA99D /* AppDelegate.swift */ = {isa = PBXFileReference; lastKnownFileType = sourcecode.swift; path = AppDelegate.swift; sourceTree = "<group>"; };
		26930FFF27A3140900ACA99D /* SceneDelegate.swift */ = {isa = PBXFileReference; lastKnownFileType = sourcecode.swift; path = SceneDelegate.swift; sourceTree = "<group>"; };
		2693100127A3140900ACA99D /* AssetsViewController.swift */ = {isa = PBXFileReference; lastKnownFileType = sourcecode.swift; path = AssetsViewController.swift; sourceTree = "<group>"; };
		2693100627A3141300ACA99D /* Assets.xcassets */ = {isa = PBXFileReference; lastKnownFileType = folder.assetcatalog; path = Assets.xcassets; sourceTree = "<group>"; };
		2693100927A3141300ACA99D /* Base */ = {isa = PBXFileReference; lastKnownFileType = file.storyboard; name = Base; path = Base.lproj/LaunchScreen.storyboard; sourceTree = "<group>"; };
		2693100B27A3141300ACA99D /* Info.plist */ = {isa = PBXFileReference; lastKnownFileType = text.plist.xml; path = Info.plist; sourceTree = "<group>"; };
		2693101127A3154500ACA99D /* TabBarVC.swift */ = {isa = PBXFileReference; lastKnownFileType = sourcecode.swift; path = TabBarVC.swift; sourceTree = "<group>"; };
		2693101427A3182900ACA99D /* UIColor+Extension.swift */ = {isa = PBXFileReference; lastKnownFileType = sourcecode.swift; path = "UIColor+Extension.swift"; sourceTree = "<group>"; };
		2693101627A318AE00ACA99D /* Table+Extension.swift */ = {isa = PBXFileReference; lastKnownFileType = sourcecode.swift; path = "Table+Extension.swift"; sourceTree = "<group>"; };
		2693101D27A31D3C00ACA99D /* ru */ = {isa = PBXFileReference; lastKnownFileType = text.plist.strings; name = ru; path = ru.lproj/LaunchScreen.strings; sourceTree = "<group>"; };
		2693101F27A31D4B00ACA99D /* en */ = {isa = PBXFileReference; lastKnownFileType = text.plist.strings; name = en; path = en.lproj/Localizable.strings; sourceTree = "<group>"; };
		2693102127A31D4F00ACA99D /* ru */ = {isa = PBXFileReference; lastKnownFileType = text.plist.strings; name = ru; path = ru.lproj/Localizable.strings; sourceTree = "<group>"; };
		2693102227A31E1800ACA99D /* LocalizationNames.swift */ = {isa = PBXFileReference; lastKnownFileType = sourcecode.swift; path = LocalizationNames.swift; sourceTree = "<group>"; };
		2693102427A31EFA00ACA99D /* String+Extension.swift */ = {isa = PBXFileReference; lastKnownFileType = sourcecode.swift; path = "String+Extension.swift"; sourceTree = "<group>"; };
		2693102E27A33CB400ACA99D /* APIManager.swift */ = {isa = PBXFileReference; lastKnownFileType = sourcecode.swift; path = APIManager.swift; sourceTree = "<group>"; };
		2693103027A33E5900ACA99D /* APIConstants.swift */ = {isa = PBXFileReference; lastKnownFileType = sourcecode.swift; path = APIConstants.swift; sourceTree = "<group>"; };
		2693103227A3412100ACA99D /* UIWindow+Extension.swift */ = {isa = PBXFileReference; lastKnownFileType = sourcecode.swift; path = "UIWindow+Extension.swift"; sourceTree = "<group>"; };
		2693103427A342C200ACA99D /* AssetModel.swift */ = {isa = PBXFileReference; lastKnownFileType = sourcecode.swift; path = AssetModel.swift; sourceTree = "<group>"; };
		2693103627A3DD2200ACA99D /* AssetCell.swift */ = {isa = PBXFileReference; lastKnownFileType = sourcecode.swift; path = AssetCell.swift; sourceTree = "<group>"; };
		2693103927A3E1A100ACA99D /* CustomControls.swift */ = {isa = PBXFileReference; lastKnownFileType = sourcecode.swift; path = CustomControls.swift; sourceTree = "<group>"; };
		2693103B27A3E26800ACA99D /* UIView+Extesion.swift */ = {isa = PBXFileReference; lastKnownFileType = sourcecode.swift; path = "UIView+Extesion.swift"; sourceTree = "<group>"; };
		2693103D27A3F2EE00ACA99D /* Double+Extension.swift */ = {isa = PBXFileReference; lastKnownFileType = sourcecode.swift; path = "Double+Extension.swift"; sourceTree = "<group>"; };
		2693104627A406DF00ACA99D /* UIImage+Extension.swift */ = {isa = PBXFileReference; lastKnownFileType = sourcecode.swift; path = "UIImage+Extension.swift"; sourceTree = "<group>"; };
		2693104827A4117200ACA99D /* DetailAssetViewController.swift */ = {isa = PBXFileReference; lastKnownFileType = sourcecode.swift; path = DetailAssetViewController.swift; sourceTree = "<group>"; };
		2693104A27A4409800ACA99D /* HistoryModel.swift */ = {isa = PBXFileReference; lastKnownFileType = sourcecode.swift; path = HistoryModel.swift; sourceTree = "<group>"; };
		2693104F27A4593C00ACA99D /* WatchListViewController.swift */ = {isa = PBXFileReference; lastKnownFileType = sourcecode.swift; path = WatchListViewController.swift; sourceTree = "<group>"; };
		2693105127A45A7700ACA99D /* WatchListAssets.swift */ = {isa = PBXFileReference; lastKnownFileType = sourcecode.swift; path = WatchListAssets.swift; sourceTree = "<group>"; };
		2693105427A4675400ACA99D /* SettingsViewController.swift */ = {isa = PBXFileReference; lastKnownFileType = sourcecode.swift; path = SettingsViewController.swift; sourceTree = "<group>"; };
		2693105827A473D900ACA99D /* SettingsCell.swift */ = {isa = PBXFileReference; lastKnownFileType = sourcecode.swift; path = SettingsCell.swift; sourceTree = "<group>"; };
/* End PBXFileReference section */

/* Begin PBXFrameworksBuildPhase section */
		26930FF727A3140900ACA99D /* Frameworks */ = {
			isa = PBXFrameworksBuildPhase;
			buildActionMask = 2147483647;
			files = (
				2693104527A406A500ACA99D /* Nuke in Frameworks */,
				2693102A27A33C9000ACA99D /* Alamofire in Frameworks */,
				2693102D27A33CA500ACA99D /* SnapKit in Frameworks */,
			);
			runOnlyForDeploymentPostprocessing = 0;
		};
/* End PBXFrameworksBuildPhase section */

/* Begin PBXGroup section */
		26930FF127A3140900ACA99D = {
			isa = PBXGroup;
			children = (
				26930FFC27A3140900ACA99D /* CryptoApp */,
				26930FFB27A3140900ACA99D /* Products */,
			);
			sourceTree = "<group>";
		};
		26930FFB27A3140900ACA99D /* Products */ = {
			isa = PBXGroup;
			children = (
				26930FFA27A3140900ACA99D /* CryptoApp.app */,
			);
			name = Products;
			sourceTree = "<group>";
		};
		26930FFC27A3140900ACA99D /* CryptoApp */ = {
			isa = PBXGroup;
			children = (
				2693103827A3E19400ACA99D /* Controls */,
				2693101327A3181000ACA99D /* Extensions */,
				26930FFD27A3140900ACA99D /* AppDelegate.swift */,
				26930FFF27A3140900ACA99D /* SceneDelegate.swift */,
				2693101127A3154500ACA99D /* TabBarVC.swift */,
				2693102227A31E1800ACA99D /* LocalizationNames.swift */,
				2693103F27A3FF6600ACA99D /* Assets */,
				2693104C27A458FA00ACA99D /* WatchList */,
				2693105327A4674800ACA99D /* Settings */,
				2693102027A31D4B00ACA99D /* Localizable.strings */,
				2693100627A3141300ACA99D /* Assets.xcassets */,
				2693100827A3141300ACA99D /* LaunchScreen.storyboard */,
				2693100B27A3141300ACA99D /* Info.plist */,
				2693102E27A33CB400ACA99D /* APIManager.swift */,
				2693103027A33E5900ACA99D /* APIConstants.swift */,
			);
			path = CryptoApp;
			sourceTree = "<group>";
		};
		2693101327A3181000ACA99D /* Extensions */ = {
			isa = PBXGroup;
			children = (
				2693101427A3182900ACA99D /* UIColor+Extension.swift */,
				2693101627A318AE00ACA99D /* Table+Extension.swift */,
				2693102427A31EFA00ACA99D /* String+Extension.swift */,
				2693103227A3412100ACA99D /* UIWindow+Extension.swift */,
				2693103B27A3E26800ACA99D /* UIView+Extesion.swift */,
				2693103D27A3F2EE00ACA99D /* Double+Extension.swift */,
				2693104627A406DF00ACA99D /* UIImage+Extension.swift */,
			);
			path = Extensions;
			sourceTree = "<group>";
		};
		2693103827A3E19400ACA99D /* Controls */ = {
			isa = PBXGroup;
			children = (
				2693103927A3E1A100ACA99D /* CustomControls.swift */,
			);
			path = Controls;
			sourceTree = "<group>";
		};
		2693103F27A3FF6600ACA99D /* Assets */ = {
			isa = PBXGroup;
			children = (
				2693104027A3FF7D00ACA99D /* Controller */,
				2693104127A3FF8400ACA99D /* Cell */,
				2693104227A3FF8900ACA99D /* Model */,
			);
			path = Assets;
			sourceTree = "<group>";
		};
		2693104027A3FF7D00ACA99D /* Controller */ = {
			isa = PBXGroup;
			children = (
				2693100127A3140900ACA99D /* AssetsViewController.swift */,
				2693104827A4117200ACA99D /* DetailAssetViewController.swift */,
			);
			path = Controller;
			sourceTree = "<group>";
		};
		2693104127A3FF8400ACA99D /* Cell */ = {
			isa = PBXGroup;
			children = (
				2693103627A3DD2200ACA99D /* AssetCell.swift */,
			);
			path = Cell;
			sourceTree = "<group>";
		};
		2693104227A3FF8900ACA99D /* Model */ = {
			isa = PBXGroup;
			children = (
				2693103427A342C200ACA99D /* AssetModel.swift */,
				2693104A27A4409800ACA99D /* HistoryModel.swift */,
			);
			path = Model;
			sourceTree = "<group>";
		};
		2693104C27A458FA00ACA99D /* WatchList */ = {
			isa = PBXGroup;
			children = (
				2693104D27A4591700ACA99D /* Controller */,
				2693105A27A4740800ACA99D /* Model */,
			);
			path = WatchList;
			sourceTree = "<group>";
		};
		2693104D27A4591700ACA99D /* Controller */ = {
			isa = PBXGroup;
			children = (
				2693104F27A4593C00ACA99D /* WatchListViewController.swift */,
			);
			path = Controller;
			sourceTree = "<group>";
		};
		2693105327A4674800ACA99D /* Settings */ = {
			isa = PBXGroup;
			children = (
				2693105627A473A400ACA99D /* Controller */,
				2693105727A473AB00ACA99D /* View */,
			);
			path = Settings;
			sourceTree = "<group>";
		};
		2693105627A473A400ACA99D /* Controller */ = {
			isa = PBXGroup;
			children = (
				2693105427A4675400ACA99D /* SettingsViewController.swift */,
			);
			path = Controller;
			sourceTree = "<group>";
		};
		2693105727A473AB00ACA99D /* View */ = {
			isa = PBXGroup;
			children = (
				2693105827A473D900ACA99D /* SettingsCell.swift */,
			);
			path = View;
			sourceTree = "<group>";
		};
		2693105A27A4740800ACA99D /* Model */ = {
			isa = PBXGroup;
			children = (
				2693105127A45A7700ACA99D /* WatchListAssets.swift */,
			);
			path = Model;
			sourceTree = "<group>";
		};
/* End PBXGroup section */

/* Begin PBXNativeTarget section */
		26930FF927A3140900ACA99D /* CryptoApp */ = {
			isa = PBXNativeTarget;
			buildConfigurationList = 2693100E27A3141300ACA99D /* Build configuration list for PBXNativeTarget "CryptoApp" */;
			buildPhases = (
				26930FF627A3140900ACA99D /* Sources */,
				26930FF727A3140900ACA99D /* Frameworks */,
				26930FF827A3140900ACA99D /* Resources */,
			);
			buildRules = (
			);
			dependencies = (
			);
			name = CryptoApp;
			packageProductDependencies = (
				2693102927A33C9000ACA99D /* Alamofire */,
				2693102C27A33CA500ACA99D /* SnapKit */,
				2693104427A406A500ACA99D /* Nuke */,
			);
			productName = CryptoApp;
			productReference = 26930FFA27A3140900ACA99D /* CryptoApp.app */;
			productType = "com.apple.product-type.application";
		};
/* End PBXNativeTarget section */

/* Begin PBXProject section */
		26930FF227A3140900ACA99D /* Project object */ = {
			isa = PBXProject;
			attributes = {
				BuildIndependentTargetsInParallel = 1;
				LastSwiftUpdateCheck = 1320;
				LastUpgradeCheck = 1320;
				TargetAttributes = {
					26930FF927A3140900ACA99D = {
						CreatedOnToolsVersion = 13.2;
					};
				};
			};
			buildConfigurationList = 26930FF527A3140900ACA99D /* Build configuration list for PBXProject "CryptoApp" */;
			compatibilityVersion = "Xcode 13.0";
			developmentRegion = en;
			hasScannedForEncodings = 0;
			knownRegions = (
				en,
				Base,
				ru,
			);
			mainGroup = 26930FF127A3140900ACA99D;
			packageReferences = (
				2693102827A33C9000ACA99D /* XCRemoteSwiftPackageReference "Alamofire" */,
				2693102B27A33CA500ACA99D /* XCRemoteSwiftPackageReference "SnapKit" */,
				2693104327A406A500ACA99D /* XCRemoteSwiftPackageReference "Nuke" */,
			);
			productRefGroup = 26930FFB27A3140900ACA99D /* Products */;
			projectDirPath = "";
			projectRoot = "";
			targets = (
				26930FF927A3140900ACA99D /* CryptoApp */,
			);
		};
/* End PBXProject section */

/* Begin PBXResourcesBuildPhase section */
		26930FF827A3140900ACA99D /* Resources */ = {
			isa = PBXResourcesBuildPhase;
			buildActionMask = 2147483647;
			files = (
				2693100A27A3141300ACA99D /* LaunchScreen.storyboard in Resources */,
				2693100727A3141300ACA99D /* Assets.xcassets in Resources */,
				2693101E27A31D4B00ACA99D /* Localizable.strings in Resources */,
			);
			runOnlyForDeploymentPostprocessing = 0;
		};
/* End PBXResourcesBuildPhase section */

/* Begin PBXSourcesBuildPhase section */
		26930FF627A3140900ACA99D /* Sources */ = {
			isa = PBXSourcesBuildPhase;
			buildActionMask = 2147483647;
			files = (
				2693105927A473D900ACA99D /* SettingsCell.swift in Sources */,
				2693103A27A3E1A100ACA99D /* CustomControls.swift in Sources */,
				2693102527A31EFA00ACA99D /* String+Extension.swift in Sources */,
				2693100227A3140900ACA99D /* AssetsViewController.swift in Sources */,
				2693103727A3DD2200ACA99D /* AssetCell.swift in Sources */,
				2693103E27A3F2EE00ACA99D /* Double+Extension.swift in Sources */,
				26930FFE27A3140900ACA99D /* AppDelegate.swift in Sources */,
				2693105227A45A7700ACA99D /* WatchListAssets.swift in Sources */,
				2693102F27A33CB400ACA99D /* APIManager.swift in Sources */,
				2693105027A4593C00ACA99D /* WatchListViewController.swift in Sources */,
				2693103527A342C200ACA99D /* AssetModel.swift in Sources */,
				2693103327A3412100ACA99D /* UIWindow+Extension.swift in Sources */,
				2693102327A31E1800ACA99D /* LocalizationNames.swift in Sources */,
				2693101727A318AE00ACA99D /* Table+Extension.swift in Sources */,
				2693105527A4675400ACA99D /* SettingsViewController.swift in Sources */,
				2693103127A33E5900ACA99D /* APIConstants.swift in Sources */,
				2693104B27A4409800ACA99D /* HistoryModel.swift in Sources */,
				2693104927A4117200ACA99D /* DetailAssetViewController.swift in Sources */,
				2693104727A406DF00ACA99D /* UIImage+Extension.swift in Sources */,
				2693101227A3154500ACA99D /* TabBarVC.swift in Sources */,
				2693100027A3140900ACA99D /* SceneDelegate.swift in Sources */,
				2693103C27A3E26800ACA99D /* UIView+Extesion.swift in Sources */,
				2693101527A3182900ACA99D /* UIColor+Extension.swift in Sources */,
			);
			runOnlyForDeploymentPostprocessing = 0;
		};
/* End PBXSourcesBuildPhase section */

/* Begin PBXVariantGroup section */
		2693100827A3141300ACA99D /* LaunchScreen.storyboard */ = {
			isa = PBXVariantGroup;
			children = (
				2693100927A3141300ACA99D /* Base */,
				2693101D27A31D3C00ACA99D /* ru */,
			);
			name = LaunchScreen.storyboard;
			sourceTree = "<group>";
		};
		2693102027A31D4B00ACA99D /* Localizable.strings */ = {
			isa = PBXVariantGroup;
			children = (
				2693101F27A31D4B00ACA99D /* en */,
				2693102127A31D4F00ACA99D /* ru */,
			);
			name = Localizable.strings;
			sourceTree = "<group>";
		};
/* End PBXVariantGroup section */

/* Begin XCBuildConfiguration section */
		2693100C27A3141300ACA99D /* Debug */ = {
			isa = XCBuildConfiguration;
			buildSettings = {
				ALWAYS_SEARCH_USER_PATHS = NO;
				CLANG_ANALYZER_LOCALIZABILITY_NONLOCALIZED = YES;
				CLANG_ANALYZER_NONNULL = YES;
				CLANG_ANALYZER_NUMBER_OBJECT_CONVERSION = YES_AGGRESSIVE;
				CLANG_CXX_LANGUAGE_STANDARD = "gnu++17";
				CLANG_CXX_LIBRARY = "libc++";
				CLANG_ENABLE_MODULES = YES;
				CLANG_ENABLE_OBJC_ARC = YES;
				CLANG_ENABLE_OBJC_WEAK = YES;
				CLANG_WARN_BLOCK_CAPTURE_AUTORELEASING = YES;
				CLANG_WARN_BOOL_CONVERSION = YES;
				CLANG_WARN_COMMA = YES;
				CLANG_WARN_CONSTANT_CONVERSION = YES;
				CLANG_WARN_DEPRECATED_OBJC_IMPLEMENTATIONS = YES;
				CLANG_WARN_DIRECT_OBJC_ISA_USAGE = YES_ERROR;
				CLANG_WARN_DOCUMENTATION_COMMENTS = YES;
				CLANG_WARN_EMPTY_BODY = YES;
				CLANG_WARN_ENUM_CONVERSION = YES;
				CLANG_WARN_INFINITE_RECURSION = YES;
				CLANG_WARN_INT_CONVERSION = YES;
				CLANG_WARN_NON_LITERAL_NULL_CONVERSION = YES;
				CLANG_WARN_OBJC_IMPLICIT_RETAIN_SELF = YES;
				CLANG_WARN_OBJC_LITERAL_CONVERSION = YES;
				CLANG_WARN_OBJC_ROOT_CLASS = YES_ERROR;
				CLANG_WARN_QUOTED_INCLUDE_IN_FRAMEWORK_HEADER = YES;
				CLANG_WARN_RANGE_LOOP_ANALYSIS = YES;
				CLANG_WARN_STRICT_PROTOTYPES = YES;
				CLANG_WARN_SUSPICIOUS_MOVE = YES;
				CLANG_WARN_UNGUARDED_AVAILABILITY = YES_AGGRESSIVE;
				CLANG_WARN_UNREACHABLE_CODE = YES;
				CLANG_WARN__DUPLICATE_METHOD_MATCH = YES;
				COPY_PHASE_STRIP = NO;
				DEBUG_INFORMATION_FORMAT = dwarf;
				ENABLE_STRICT_OBJC_MSGSEND = YES;
				ENABLE_TESTABILITY = YES;
				GCC_C_LANGUAGE_STANDARD = gnu11;
				GCC_DYNAMIC_NO_PIC = NO;
				GCC_NO_COMMON_BLOCKS = YES;
				GCC_OPTIMIZATION_LEVEL = 0;
				GCC_PREPROCESSOR_DEFINITIONS = (
					"DEBUG=1",
					"$(inherited)",
				);
				GCC_WARN_64_TO_32_BIT_CONVERSION = YES;
				GCC_WARN_ABOUT_RETURN_TYPE = YES_ERROR;
				GCC_WARN_UNDECLARED_SELECTOR = YES;
				GCC_WARN_UNINITIALIZED_AUTOS = YES_AGGRESSIVE;
				GCC_WARN_UNUSED_FUNCTION = YES;
				GCC_WARN_UNUSED_VARIABLE = YES;
				IPHONEOS_DEPLOYMENT_TARGET = 12.0;
				MTL_ENABLE_DEBUG_INFO = INCLUDE_SOURCE;
				MTL_FAST_MATH = YES;
				ONLY_ACTIVE_ARCH = YES;
				SDKROOT = iphoneos;
				SWIFT_ACTIVE_COMPILATION_CONDITIONS = DEBUG;
				SWIFT_OPTIMIZATION_LEVEL = "-Onone";
			};
			name = Debug;
		};
		2693100D27A3141300ACA99D /* Release */ = {
			isa = XCBuildConfiguration;
			buildSettings = {
				ALWAYS_SEARCH_USER_PATHS = NO;
				CLANG_ANALYZER_LOCALIZABILITY_NONLOCALIZED = YES;
				CLANG_ANALYZER_NONNULL = YES;
				CLANG_ANALYZER_NUMBER_OBJECT_CONVERSION = YES_AGGRESSIVE;
				CLANG_CXX_LANGUAGE_STANDARD = "gnu++17";
				CLANG_CXX_LIBRARY = "libc++";
				CLANG_ENABLE_MODULES = YES;
				CLANG_ENABLE_OBJC_ARC = YES;
				CLANG_ENABLE_OBJC_WEAK = YES;
				CLANG_WARN_BLOCK_CAPTURE_AUTORELEASING = YES;
				CLANG_WARN_BOOL_CONVERSION = YES;
				CLANG_WARN_COMMA = YES;
				CLANG_WARN_CONSTANT_CONVERSION = YES;
				CLANG_WARN_DEPRECATED_OBJC_IMPLEMENTATIONS = YES;
				CLANG_WARN_DIRECT_OBJC_ISA_USAGE = YES_ERROR;
				CLANG_WARN_DOCUMENTATION_COMMENTS = YES;
				CLANG_WARN_EMPTY_BODY = YES;
				CLANG_WARN_ENUM_CONVERSION = YES;
				CLANG_WARN_INFINITE_RECURSION = YES;
				CLANG_WARN_INT_CONVERSION = YES;
				CLANG_WARN_NON_LITERAL_NULL_CONVERSION = YES;
				CLANG_WARN_OBJC_IMPLICIT_RETAIN_SELF = YES;
				CLANG_WARN_OBJC_LITERAL_CONVERSION = YES;
				CLANG_WARN_OBJC_ROOT_CLASS = YES_ERROR;
				CLANG_WARN_QUOTED_INCLUDE_IN_FRAMEWORK_HEADER = YES;
				CLANG_WARN_RANGE_LOOP_ANALYSIS = YES;
				CLANG_WARN_STRICT_PROTOTYPES = YES;
				CLANG_WARN_SUSPICIOUS_MOVE = YES;
				CLANG_WARN_UNGUARDED_AVAILABILITY = YES_AGGRESSIVE;
				CLANG_WARN_UNREACHABLE_CODE = YES;
				CLANG_WARN__DUPLICATE_METHOD_MATCH = YES;
				COPY_PHASE_STRIP = NO;
				DEBUG_INFORMATION_FORMAT = "dwarf-with-dsym";
				ENABLE_NS_ASSERTIONS = NO;
				ENABLE_STRICT_OBJC_MSGSEND = YES;
				GCC_C_LANGUAGE_STANDARD = gnu11;
				GCC_NO_COMMON_BLOCKS = YES;
				GCC_WARN_64_TO_32_BIT_CONVERSION = YES;
				GCC_WARN_ABOUT_RETURN_TYPE = YES_ERROR;
				GCC_WARN_UNDECLARED_SELECTOR = YES;
				GCC_WARN_UNINITIALIZED_AUTOS = YES_AGGRESSIVE;
				GCC_WARN_UNUSED_FUNCTION = YES;
				GCC_WARN_UNUSED_VARIABLE = YES;
				IPHONEOS_DEPLOYMENT_TARGET = 12.0;
				MTL_ENABLE_DEBUG_INFO = NO;
				MTL_FAST_MATH = YES;
				SDKROOT = iphoneos;
				SWIFT_COMPILATION_MODE = wholemodule;
				SWIFT_OPTIMIZATION_LEVEL = "-O";
				VALIDATE_PRODUCT = YES;
			};
			name = Release;
		};
		2693100F27A3141300ACA99D /* Debug */ = {
			isa = XCBuildConfiguration;
			buildSettings = {
				ASSETCATALOG_COMPILER_APPICON_NAME = AppIcon;
				ASSETCATALOG_COMPILER_GLOBAL_ACCENT_COLOR_NAME = AccentColor;
				CODE_SIGN_STYLE = Automatic;
				CURRENT_PROJECT_VERSION = 1;
				DEVELOPMENT_TEAM = 9875BH6JL2;
				GENERATE_INFOPLIST_FILE = YES;
				INFOPLIST_FILE = CryptoApp/Info.plist;
				INFOPLIST_KEY_UIApplicationSupportsIndirectInputEvents = YES;
				INFOPLIST_KEY_UILaunchStoryboardName = LaunchScreen;
				INFOPLIST_KEY_UISupportedInterfaceOrientations_iPad = "UIInterfaceOrientationPortrait UIInterfaceOrientationPortraitUpsideDown UIInterfaceOrientationLandscapeLeft UIInterfaceOrientationLandscapeRight";
				INFOPLIST_KEY_UISupportedInterfaceOrientations_iPhone = "UIInterfaceOrientationPortrait UIInterfaceOrientationLandscapeLeft UIInterfaceOrientationLandscapeRight";
				IPHONEOS_DEPLOYMENT_TARGET = 12.0;
				LD_RUNPATH_SEARCH_PATHS = (
					"$(inherited)",
					"@executable_path/Frameworks",
				);
				MARKETING_VERSION = 1.0;
				PRODUCT_BUNDLE_IDENTIFIER = siniakov.CryptoApp;
				PRODUCT_NAME = "$(TARGET_NAME)";
				SWIFT_EMIT_LOC_STRINGS = YES;
				SWIFT_VERSION = 5.0;
				TARGETED_DEVICE_FAMILY = 1;
			};
			name = Debug;
		};
		2693101027A3141300ACA99D /* Release */ = {
			isa = XCBuildConfiguration;
			buildSettings = {
				ASSETCATALOG_COMPILER_APPICON_NAME = AppIcon;
				ASSETCATALOG_COMPILER_GLOBAL_ACCENT_COLOR_NAME = AccentColor;
				CODE_SIGN_STYLE = Automatic;
				CURRENT_PROJECT_VERSION = 1;
				DEVELOPMENT_TEAM = 9875BH6JL2;
				GENERATE_INFOPLIST_FILE = YES;
				INFOPLIST_FILE = CryptoApp/Info.plist;
				INFOPLIST_KEY_UIApplicationSupportsIndirectInputEvents = YES;
				INFOPLIST_KEY_UILaunchStoryboardName = LaunchScreen;
				INFOPLIST_KEY_UISupportedInterfaceOrientations_iPad = "UIInterfaceOrientationPortrait UIInterfaceOrientationPortraitUpsideDown UIInterfaceOrientationLandscapeLeft UIInterfaceOrientationLandscapeRight";
				INFOPLIST_KEY_UISupportedInterfaceOrientations_iPhone = "UIInterfaceOrientationPortrait UIInterfaceOrientationLandscapeLeft UIInterfaceOrientationLandscapeRight";
				IPHONEOS_DEPLOYMENT_TARGET = 12.0;
				LD_RUNPATH_SEARCH_PATHS = (
					"$(inherited)",
					"@executable_path/Frameworks",
				);
				MARKETING_VERSION = 1.0;
				PRODUCT_BUNDLE_IDENTIFIER = siniakov.CryptoApp;
				PRODUCT_NAME = "$(TARGET_NAME)";
				SWIFT_EMIT_LOC_STRINGS = YES;
				SWIFT_VERSION = 5.0;
				TARGETED_DEVICE_FAMILY = 1;
			};
			name = Release;
		};
/* End XCBuildConfiguration section */

/* Begin XCConfigurationList section */
		26930FF527A3140900ACA99D /* Build configuration list for PBXProject "CryptoApp" */ = {
			isa = XCConfigurationList;
			buildConfigurations = (
				2693100C27A3141300ACA99D /* Debug */,
				2693100D27A3141300ACA99D /* Release */,
			);
			defaultConfigurationIsVisible = 0;
			defaultConfigurationName = Release;
		};
		2693100E27A3141300ACA99D /* Build configuration list for PBXNativeTarget "CryptoApp" */ = {
			isa = XCConfigurationList;
			buildConfigurations = (
				2693100F27A3141300ACA99D /* Debug */,
				2693101027A3141300ACA99D /* Release */,
			);
			defaultConfigurationIsVisible = 0;
			defaultConfigurationName = Release;
		};
/* End XCConfigurationList section */

/* Begin XCRemoteSwiftPackageReference section */
		2693102827A33C9000ACA99D /* XCRemoteSwiftPackageReference "Alamofire" */ = {
			isa = XCRemoteSwiftPackageReference;
			repositoryURL = "https://github.com/Alamofire/Alamofire";
			requirement = {
				branch = master;
				kind = branch;
			};
		};
		2693102B27A33CA500ACA99D /* XCRemoteSwiftPackageReference "SnapKit" */ = {
			isa = XCRemoteSwiftPackageReference;
			repositoryURL = "https://github.com/SnapKit/SnapKit";
			requirement = {
				kind = upToNextMajorVersion;
				minimumVersion = 5.0.0;
			};
		};
		2693104327A406A500ACA99D /* XCRemoteSwiftPackageReference "Nuke" */ = {
			isa = XCRemoteSwiftPackageReference;
			repositoryURL = "https://github.com/kean/Nuke";
			requirement = {
				branch = master;
				kind = branch;
			};
		};
/* End XCRemoteSwiftPackageReference section */

/* Begin XCSwiftPackageProductDependency section */
		2693102927A33C9000ACA99D /* Alamofire */ = {
			isa = XCSwiftPackageProductDependency;
			package = 2693102827A33C9000ACA99D /* XCRemoteSwiftPackageReference "Alamofire" */;
			productName = Alamofire;
		};
		2693102C27A33CA500ACA99D /* SnapKit */ = {
			isa = XCSwiftPackageProductDependency;
			package = 2693102B27A33CA500ACA99D /* XCRemoteSwiftPackageReference "SnapKit" */;
			productName = SnapKit;
		};
		2693104427A406A500ACA99D /* Nuke */ = {
			isa = XCSwiftPackageProductDependency;
			package = 2693104327A406A500ACA99D /* XCRemoteSwiftPackageReference "Nuke" */;
			productName = Nuke;
		};
/* End XCSwiftPackageProductDependency section */
	};
	rootObject = 26930FF227A3140900ACA99D /* Project object */;
}
